{
  "name": "blender",
  "version": "0.1.0",
  "lockfileVersion": 3,
  "requires": true,
  "packages": {
    "": {
      "name": "blender",
      "version": "0.1.0",
      "dependencies": {
        "@anthropic-ai/claude-code": "2.1.259"
      }
    },
    "node_modules/@anthropic-ai/claude-code": {
      "version": "2.1.259",
      "resolved": "https://registry.npmjs.org/@anthropic-ai/claude-code/-/claude-code-2.1.259.tgz",
      "integrity": "sha512-kzhz+R36GgL5aouAkeMO9nI1BEIVaRx1NGu0wTTn/H315l61uiLRo13yvva7H10Pfv0PGgzqJ4m+EKv9BzIRXQ==",
      "hasInstallScript": true,
      "license": "SEE LICENSE IN README.md",
      "bin": {
        "claude": "bin/claude.exe"
      },
      "engines": {
        "node": ">=22.0.0"
      },
      "optionalDependencies": {
        "@anthropic-ai/claude-code-darwin-arm64": "2.1.259",
        "@anthropic-ai/claude-code-darwin-x64": "2.1.259",
        "@anthropic-ai/claude-code-linux-arm64": "2.1.259",
        "@anthropic-ai/claude-code-linux-arm64-musl": "2.1.259",
        "@anthropic-ai/claude-code-linux-x64": "2.1.259",
        "@anthropic-ai/claude-code-linux-x64-musl": "2.1.259",
        "@anthropic-ai/claude-code-win32-arm64": "2.1.259",
        "@anthropic-ai/claude-code-win32-x64": "2.1.259"
      }
    },
    "node_modules/@anthropic-ai/claude-code-darwin-arm64": {
      "version": "2.1.259",
      "resolved": "https://registry.npmjs.org/@anthropic-ai/claude-code-darwin-arm64/-/claude-code-darwin-arm64-2.1.259.tgz",
      "integrity": "sha512-yAMbgvi5pVt2fBO0Sg9n+2WJ0vJTd6ykafaRq1DL/8/hb314zDwyJuP7OewFBgHthYm3szTPi7CSe0vmeTxz3g==",
      "cpu": [
        "arm64"
      ],
      "license": "SEE LICENSE IN LICENSE.md",
      "optional": true,
      "os": [
        "darwin"
      ]
    },
    "node_modules/@anthropic-ai/claude-code-darwin-x64": {
      "version": "2.1.259",
      "resolved": "https://registry.npmjs.org/@anthropic-ai/claude-code-darwin-x64/-/claude-code-darwin-x64-2.1.259.tgz",
      "integrity": "sha512-Q70pOwpAmbuRFmEh+L3FPU3BHYcGf9nr8COtJDewjjnK8w9RZK8vs9k6TGvujhRjaQGAdKOwL5lgVI69xW4VEw==",
      "cpu": [
        "x64"
      ],
      "license": "SEE LICENSE IN LICENSE.md",
      "optional": true,
      "os": [
        "darwin"
      ]
    },
    "node_modules/@anthropic-ai/claude-code-linux-arm64": {
      "version": "2.1.259",
      "resolved": "https://registry.npmjs.org/@anthropic-ai/claude-code-linux-arm64/-/claude-code-linux-arm64-2.1.259.tgz",
      "integrity": "sha512-9NzlP79GXZcnaHmVbZO8pIPPafRTJzfSRAZeHbDyCAHnsMQWmkIbW2kOsDl1KpV93za+3Kdn6RuKIs+JRp0rag==",
      "cpu": [
        "arm64"
      ],
      "libc": [
        "glibc"
      ],
      "license": "SEE LICENSE IN LICENSE.md",
      "optional": true,
      "os": [
        "linux"
      ]
    },
    "node_modules/@anthropic-ai/claude-code-linux-arm64-musl": {
      "version": "2.1.259",
      "resolved": "https://registry.npmjs.org/@anthropic-ai/claude-code-linux-arm64-musl/-/claude-code-linux-arm64-musl-2.1.259.tgz",
      "integrity": "sha512-kJia3BfDa1Tbfr3nLqinsE72Q9Pt6ovFMamKHkkircGW/xrZIlOtk4tXr6egEx07isp3ERhggYauRD6e+tgb7A==",
      "cpu": [
        "arm64"
      ],
      "libc": [
        "musl"
      ],
      "license": "SEE LICENSE IN LICENSE.md",
      "optional": true,
      "os": [
        "linux"
      ]
    },
    "node_modules/@anthropic-ai/claude-code-linux-x64": {
      "version": "2.1.259",
      "resolved": "https://registry.npmjs.org/@anthropic-ai/claude-code-linux-x64/-/claude-code-linux-x64-2.1.259.tgz",
      "integrity": "sha512-Uh2OEu5DVvndwosVXfjUpahQVjNqxZeCO7ehrG0JBd+xo/iWz38LfwCGsbgPiGNI+ZioIl3vwenD+6BjpOi8nQ==",
      "cpu": [
        "x64"
      ],
      "libc": [
        "glibc"
      ],
      "license": "SEE LICENSE IN LICENSE.md",
      "optional": true,
      "os": [
        "linux"
      ]
    },
    "node_modules/@anthropic-ai/claude-code-linux-x64-musl": {
      "version": "2.1.259",
      "resolved": "https://registry.npmjs.org/@anthropic-ai/claude-code-linux-x64-musl/-/claude-code-linux-x64-musl-2.1.259.tgz",
      "integrity": "sha512-zZSsED8WvQqH1JV7/8YkNRi8ZT7jZSQ1JWPQljDZTb1+Gf956fx8VT2JeD/r/nklScLoU8vVH+som11faSnRJQ==",
      "cpu": [
        "x64"
      ],
      "libc": [
        "musl"
      ],
      "license": "SEE LICENSE IN LICENSE.md",
      "optional": true,
      "os": [
        "linux"
      ]
    },
    "node_modules/@anthropic-ai/claude-code-win32-arm64": {
      "version": "2.1.259",
      "resolved": "https://registry.npmjs.org/@anthropic-ai/claude-code-win32-arm64/-/claude-code-win32-arm64-2.1.259.tgz",
      "integrity": "sha512-VOuejZqTPuZyIYZP1LNqcZrlV/KYaj5Uinp3yQ2UNcyRye12oJiaV9EHqU2oySBAtQ+3apxzvs4rBajO8aMNsQ==",
      "cpu": [
        "arm64"
      ],
      "license": "SEE LICENSE IN LICENSE.md",
      "optional": true,
      "os": [
        "win32"
      ]
    },
    "node_modules/@anthropic-ai/claude-code-win32-x64": {
      "version": "2.1.259",
      "resolved": "https://registry.npmjs.org/@anthropic-ai/claude-code-win32-x64/-/claude-code-win32-x64-2.1.259.tgz",
      "integrity": "sha512-NybMrZjP/AZTpxZtes5VDi6NeEt6PRxYR2A4+pdwl1id5R9jSWmpm9POXasdgMhwPKCYUCBIMbtwsU0Jx3PeDw==",
      "cpu": [
        "x64"
      ],
      "license": "SEE LICENSE IN LICENSE.md",
      "optional": true,
      "os": [
        "win32"
      ]
    }
  }
}
